{
  "name": "typescript-5-beta",
  "version": "1.0.0",
  "lockfileVersion": 3,
  "requires": true,
  "packages": {
    "": {
      "name": "typescript-5-beta",
      "version": "1.0.0",
      "license": "ISC",
      "devDependencies": {
        "typescript": "^5.0.0-dev.20230203"
      }
    },
    "node_modules/typescript": {
      "version": "5.0.0-dev.20230203",
      "resolved": "https://registry.npmjs.org/typescript/-/typescript-5.0.0-dev.20230203.tgz",
      "integrity": "sha512-B+UiFUnk+joGpmluibAIauIFWHdmhisuC9GB3BZVNqvOYMPCtg/HokU1P5cxsw/07TesqdWkjAWQqW5kJrm2qA==",
      "dev": true,
      "bin": {
        "tsc": "bin/tsc",
        "tsserver": "bin/tsserver"
      },
      "engines": {
        "node": ">=4.2.0"
      }
    }
  }
}
