{
  "name": "typescript-5-beta",
  "version": "1.0.0",
  "lockfileVersion": 3,
  "requires": true,
  "packages": {
    "": {
      "name": "typescript-5-beta",
      "version": "1.0.0",
      "license": "ISC",
      "devDependencies": {
        "typescript": "^5.0.0-dev.20230204"
      }
    },
    "node_modules/typescript": {
      "version": "5.0.0-dev.20230204",
      "resolved": "https://registry.npmjs.org/typescript/-/typescript-5.0.0-dev.20230204.tgz",
      "integrity": "sha512-+7FKfJ6M6n0mveLqxFzi6z1ZJfqUX5QDJFBJqS0r1WP76v32AwGoZRBaYalyd7l8ph4k5qXoMmDCexrF/sVnyQ==",
      "dev": true,
      "bin": {
        "tsc": "bin/tsc",
        "tsserver": "bin/tsserver"
      },
      "engines": {
        "node": ">=4.2.0"
      }
    }
  }
}
